
Microsoft Visual Studio Solution File, Format Version 12.00
# Visual Studio Version 16
VisualStudioVersion = 16.0.29209.62
MinimumVisualStudioVersion = 10.0.40219.1
Project("{FAE04EC0-301F-11D3-BF4B-00C04F79EFBC}") = "YouFrame", "YouFrame\YouFrame.csproj", "{FE68A1FE-29EC-425B-95AE-1676D050FD5A}"
EndProject
Project("{FAE04EC0-301F-11D3-BF4B-00C04F79EFBC}") = "DAL", "DAL\DAL.csproj", "{A5DB9D1E-8DB7-4934-B6FD-C3AC37B01AE3}"
EndProject
Project("{FAE04EC0-301F-11D3-BF4B-00C04F79EFBC}") = "BOL", "BOL\BOL.csproj", "{720D237B-8B34-4182-BAB0-751330634D5A}"
EndProject
Project("{FAE04EC0-301F-11D3-BF4B-00C04F79EFBC}") = "BLL", "BLL\BLL.csproj", "{006C2DED-37C8-43D1-B6E5-377D52A8DA3C}"
EndProject
Global
	GlobalSection(SolutionConfigurationPlatforms) = preSolution
		Debug|Any CPU = Debug|Any CPU
		Release|Any CPU = Release|Any CPU
	EndGlobalSection
	GlobalSection(ProjectConfigurationPlatforms) = postSolution
		{FE68A1FE-29EC-425B-95AE-1676D050FD5A}.Debug|Any CPU.ActiveCfg = Debug|Any CPU
		{FE68A1FE-29EC-425B-95AE-1676D050FD5A}.Debug|Any CPU.Build.0 = Debug|Any CPU
		{FE68A1FE-29EC-425B-95AE-1676D050FD5A}.Release|Any CPU.ActiveCfg = Release|Any CPU
		{FE68A1FE-29EC-425B-95AE-1676D050FD5A}.Release|Any CPU.Build.0 = Release|Any CPU
		{A5DB9D1E-8DB7-4934-B6FD-C3AC37B01AE3}.Debug|Any CPU.ActiveCfg = Debug|Any CPU
		{A5DB9D1E-8DB7-4934-B6FD-C3AC37B01AE3}.Debug|Any CPU.Build.0 = Debug|Any CPU
		{A5DB9D1E-8DB7-4934-B6FD-C3AC37B01AE3}.Release|Any CPU.ActiveCfg = Release|Any CPU
		{A5DB9D1E-8DB7-4934-B6FD-C3AC37B01AE3}.Release|Any CPU.Build.0 = Release|Any CPU
		{720D237B-8B34-4182-BAB0-751330634D5A}.Debug|Any CPU.ActiveCfg = Debug|Any CPU
		{720D237B-8B34-4182-BAB0-751330634D5A}.Debug|Any CPU.Build.0 = Debug|Any CPU
		{720D237B-8B34-4182-BAB0-751330634D5A}.Release|Any CPU.ActiveCfg = Release|Any CPU
		{720D237B-8B34-4182-BAB0-751330634D5A}.Release|Any CPU.Build.0 = Release|Any CPU
		{006C2DED-37C8-43D1-B6E5-377D52A8DA3C}.Debug|Any CPU.ActiveCfg = Debug|Any CPU
		{006C2DED-37C8-43D1-B6E5-377D52A8DA3C}.Debug|Any CPU.Build.0 = Debug|Any CPU
		{006C2DED-37C8-43D1-B6E5-377D52A8DA3C}.Release|Any CPU.ActiveCfg = Release|Any CPU
		{006C2DED-37C8-43D1-B6E5-377D52A8DA3C}.Release|Any CPU.Build.0 = Release|Any CPU
	EndGlobalSection
	GlobalSection(SolutionProperties) = preSolution
		HideSolutionNode = FALSE
	EndGlobalSection
	GlobalSection(ExtensibilityGlobals) = postSolution
		SolutionGuid = {3309666B-B0BD-4B87-B800-3C4EDAE39574}
	EndGlobalSection
EndGlobal
